
Microsoft Visual Studio Solution File, Format Version 12.00
# Visual Studio Version 17
VisualStudioVersion = 17.11.34929.205
MinimumVisualStudioVersion = 10.0.40219.1
Project("{FAE04EC0-301F-11D3-BF4B-00C04F79EFBC}") = "ЮщишинТест1", "ЮщишинТест1\ЮщишинТест1.csproj", "{4410AB7E-00D7-46E8-BEA2-964107BD3728}"
EndProject
Global
	GlobalSection(SolutionConfigurationPlatforms) = preSolution
		Debug|Any CPU = Debug|Any CPU
		Release|Any CPU = Release|Any CPU
	EndGlobalSection
	GlobalSection(ProjectConfigurationPlatforms) = postSolution
		{4410AB7E-00D7-46E8-BEA2-964107BD3728}.Debug|Any CPU.ActiveCfg = Debug|Any CPU
		{4410AB7E-00D7-46E8-BEA2-964107BD3728}.Debug|Any CPU.Build.0 = Debug|Any CPU
		{4410AB7E-00D7-46E8-BEA2-964107BD3728}.Release|Any CPU.ActiveCfg = Release|Any CPU
		{4410AB7E-00D7-46E8-BEA2-964107BD3728}.Release|Any CPU.Build.0 = Release|Any CPU
	EndGlobalSection
	GlobalSection(SolutionProperties) = preSolution
		HideSolutionNode = FALSE
	EndGlobalSection
	GlobalSection(ExtensibilityGlobals) = postSolution
		SolutionGuid = {E6ECBE23-FA51-43C4-9E50-308CC5120F6E}
	EndGlobalSection
EndGlobal
